
Microsoft Visual Studio Solution File, Format Version 12.00
# Visual Studio 15
VisualStudioVersion = 15.0.27703.2047
MinimumVisualStudioVersion = 10.0.40219.1
Project("{8BC9CEB8-8B4A-11D0-8D11-00A0C91BC942}") = "MyApp", "MyApp\MyApp.vcxproj", "{757164A1-688A-4E78-8225-4931F6ECFFD4}"
	ProjectSection(ProjectDependencies) = postProject
		{D22022EE-E384-47FD-8256-DE417E4362F0} = {D22022EE-E384-47FD-8256-DE417E4362F0}
		{71B37EF1-896D-47E2-B6EF-CE594A07154A} = {71B37EF1-896D-47E2-B6EF-CE594A07154A}
	EndProjectSection
EndProject
Project("{8BC9CEB8-8B4A-11D0-8D11-00A0C91BC942}") = "CppLibStatic", "..\CppLib\project\CppLibStatic\CppLibStatic.vcxproj", "{D22022EE-E384-47FD-8256-DE417E4362F0}"
EndProject
Project("{8BC9CEB8-8B4A-11D0-8D11-00A0C91BC942}") = "MFCLibStatic", "..\MFCLib\project\MFCLibStatic\MFCLibStatic.vcxproj", "{71B37EF1-896D-47E2-B6EF-CE594A07154A}"
EndProject
Global
	GlobalSection(SolutionConfigurationPlatforms) = preSolution
		Debug|x64 = Debug|x64
		Debug|x86 = Debug|x86
		Release|x64 = Release|x64
		Release|x86 = Release|x86
	EndGlobalSection
	GlobalSection(ProjectConfigurationPlatforms) = postSolution
		{757164A1-688A-4E78-8225-4931F6ECFFD4}.Debug|x64.ActiveCfg = Debug|x64
		{757164A1-688A-4E78-8225-4931F6ECFFD4}.Debug|x64.Build.0 = Debug|x64
		{757164A1-688A-4E78-8225-4931F6ECFFD4}.Debug|x86.ActiveCfg = Debug|Win32
		{757164A1-688A-4E78-8225-4931F6ECFFD4}.Debug|x86.Build.0 = Debug|Win32
		{757164A1-688A-4E78-8225-4931F6ECFFD4}.Release|x64.ActiveCfg = Release|x64
		{757164A1-688A-4E78-8225-4931F6ECFFD4}.Release|x64.Build.0 = Release|x64
		{757164A1-688A-4E78-8225-4931F6ECFFD4}.Release|x86.ActiveCfg = Release|Win32
		{757164A1-688A-4E78-8225-4931F6ECFFD4}.Release|x86.Build.0 = Release|Win32
		{D22022EE-E384-47FD-8256-DE417E4362F0}.Debug|x64.ActiveCfg = Debug|x64
		{D22022EE-E384-47FD-8256-DE417E4362F0}.Debug|x64.Build.0 = Debug|x64
		{D22022EE-E384-47FD-8256-DE417E4362F0}.Debug|x86.ActiveCfg = Debug|Win32
		{D22022EE-E384-47FD-8256-DE417E4362F0}.Debug|x86.Build.0 = Debug|Win32
		{D22022EE-E384-47FD-8256-DE417E4362F0}.Release|x64.ActiveCfg = Release|x64
		{D22022EE-E384-47FD-8256-DE417E4362F0}.Release|x64.Build.0 = Release|x64
		{D22022EE-E384-47FD-8256-DE417E4362F0}.Release|x86.ActiveCfg = Release|Win32
		{D22022EE-E384-47FD-8256-DE417E4362F0}.Release|x86.Build.0 = Release|Win32
		{71B37EF1-896D-47E2-B6EF-CE594A07154A}.Debug|x64.ActiveCfg = Debug|x64
		{71B37EF1-896D-47E2-B6EF-CE594A07154A}.Debug|x64.Build.0 = Debug|x64
		{71B37EF1-896D-47E2-B6EF-CE594A07154A}.Debug|x86.ActiveCfg = Debug|Win32
		{71B37EF1-896D-47E2-B6EF-CE594A07154A}.Debug|x86.Build.0 = Debug|Win32
		{71B37EF1-896D-47E2-B6EF-CE594A07154A}.Release|x64.ActiveCfg = Release|x64
		{71B37EF1-896D-47E2-B6EF-CE594A07154A}.Release|x64.Build.0 = Release|x64
		{71B37EF1-896D-47E2-B6EF-CE594A07154A}.Release|x86.ActiveCfg = Release|Win32
		{71B37EF1-896D-47E2-B6EF-CE594A07154A}.Release|x86.Build.0 = Release|Win32
	EndGlobalSection
	GlobalSection(SolutionProperties) = preSolution
		HideSolutionNode = FALSE
	EndGlobalSection
	GlobalSection(ExtensibilityGlobals) = postSolution
		SolutionGuid = {F7472949-2379-4662-93D4-14CCCBAD14AF}
	EndGlobalSection
EndGlobal
